
Microsoft Visual Studio Solution File, Format Version 12.00
# Visual Studio Version 16
VisualStudioVersion = 16.0.29123.88
MinimumVisualStudioVersion = 10.0.40219.1
Project("{9A19103F-16F7-4668-BE54-9A1E7A4F7556}") = "iBookStoreMVC", "iBookStoreMVC\iBookStoreMVC.csproj", "{1D3996DB-B335-4B16-99CC-63FDAF13DAF6}"
EndProject
Project("{9A19103F-16F7-4668-BE54-9A1E7A4F7556}") = "Catalog.API", "Catalog.API\Catalog.API.csproj", "{2696DE04-7FAB-4B07-8B60-541054ECC2B9}"
EndProject
Project("{9A19103F-16F7-4668-BE54-9A1E7A4F7556}") = "Identity.API", "Identity.API\Identity.API.csproj", "{B9BEC973-FE76-4178-B9D7-018ED89770CC}"
EndProject
Project("{9A19103F-16F7-4668-BE54-9A1E7A4F7556}") = "Basket.API", "Basket.API\Basket.API.csproj", "{3A9C7D66-E704-4C5D-87B8-A6F1DE84CE65}"
EndProject
Project("{9A19103F-16F7-4668-BE54-9A1E7A4F7556}") = "Ordering.API", "Ordering.API\Ordering.API.csproj", "{321F5921-F941-4EC1-A436-6D697475D064}"
EndProject
Project("{9A19103F-16F7-4668-BE54-9A1E7A4F7556}") = "Ordering.BackgroundTasks", "Ordering.BackgroundTasks\Ordering.BackgroundTasks.csproj", "{63418844-CD0A-4FE8-A713-9B1FB836061B}"
EndProject
Project("{9A19103F-16F7-4668-BE54-9A1E7A4F7556}") = "EventBus", "EventBus\EventBus.csproj", "{5956227F-2FE0-40E4-89C5-931A72A02C95}"
EndProject
Project("{9A19103F-16F7-4668-BE54-9A1E7A4F7556}") = "EventBusRabbitMQ", "EventBusRabbitMQ\EventBusRabbitMQ.csproj", "{920D5ABF-FC32-426E-9AD3-9D10A5E154D7}"
EndProject
Project("{FAE04EC0-301F-11D3-BF4B-00C04F79EFBC}") = "Payment.API", "Payment.API\Payment.API.csproj", "{57D910D4-3EAE-4E00-BCEB-5AB2108914E4}"
EndProject
Global
	GlobalSection(SolutionConfigurationPlatforms) = preSolution
		Debug|Any CPU = Debug|Any CPU
		Release|Any CPU = Release|Any CPU
	EndGlobalSection
	GlobalSection(ProjectConfigurationPlatforms) = postSolution
		{1D3996DB-B335-4B16-99CC-63FDAF13DAF6}.Debug|Any CPU.ActiveCfg = Debug|Any CPU
		{1D3996DB-B335-4B16-99CC-63FDAF13DAF6}.Debug|Any CPU.Build.0 = Debug|Any CPU
		{1D3996DB-B335-4B16-99CC-63FDAF13DAF6}.Release|Any CPU.ActiveCfg = Release|Any CPU
		{1D3996DB-B335-4B16-99CC-63FDAF13DAF6}.Release|Any CPU.Build.0 = Release|Any CPU
		{2696DE04-7FAB-4B07-8B60-541054ECC2B9}.Debug|Any CPU.ActiveCfg = Debug|Any CPU
		{2696DE04-7FAB-4B07-8B60-541054ECC2B9}.Debug|Any CPU.Build.0 = Debug|Any CPU
		{2696DE04-7FAB-4B07-8B60-541054ECC2B9}.Release|Any CPU.ActiveCfg = Release|Any CPU
		{2696DE04-7FAB-4B07-8B60-541054ECC2B9}.Release|Any CPU.Build.0 = Release|Any CPU
		{B9BEC973-FE76-4178-B9D7-018ED89770CC}.Debug|Any CPU.ActiveCfg = Debug|Any CPU
		{B9BEC973-FE76-4178-B9D7-018ED89770CC}.Debug|Any CPU.Build.0 = Debug|Any CPU
		{B9BEC973-FE76-4178-B9D7-018ED89770CC}.Release|Any CPU.ActiveCfg = Release|Any CPU
		{B9BEC973-FE76-4178-B9D7-018ED89770CC}.Release|Any CPU.Build.0 = Release|Any CPU
		{3A9C7D66-E704-4C5D-87B8-A6F1DE84CE65}.Debug|Any CPU.ActiveCfg = Debug|Any CPU
		{3A9C7D66-E704-4C5D-87B8-A6F1DE84CE65}.Debug|Any CPU.Build.0 = Debug|Any CPU
		{3A9C7D66-E704-4C5D-87B8-A6F1DE84CE65}.Release|Any CPU.ActiveCfg = Release|Any CPU
		{3A9C7D66-E704-4C5D-87B8-A6F1DE84CE65}.Release|Any CPU.Build.0 = Release|Any CPU
		{321F5921-F941-4EC1-A436-6D697475D064}.Debug|Any CPU.ActiveCfg = Debug|Any CPU
		{321F5921-F941-4EC1-A436-6D697475D064}.Debug|Any CPU.Build.0 = Debug|Any CPU
		{321F5921-F941-4EC1-A436-6D697475D064}.Release|Any CPU.ActiveCfg = Release|Any CPU
		{321F5921-F941-4EC1-A436-6D697475D064}.Release|Any CPU.Build.0 = Release|Any CPU
		{63418844-CD0A-4FE8-A713-9B1FB836061B}.Debug|Any CPU.ActiveCfg = Debug|Any CPU
		{63418844-CD0A-4FE8-A713-9B1FB836061B}.Debug|Any CPU.Build.0 = Debug|Any CPU
		{63418844-CD0A-4FE8-A713-9B1FB836061B}.Release|Any CPU.ActiveCfg = Release|Any CPU
		{63418844-CD0A-4FE8-A713-9B1FB836061B}.Release|Any CPU.Build.0 = Release|Any CPU
		{5956227F-2FE0-40E4-89C5-931A72A02C95}.Debug|Any CPU.ActiveCfg = Debug|Any CPU
		{5956227F-2FE0-40E4-89C5-931A72A02C95}.Debug|Any CPU.Build.0 = Debug|Any CPU
		{5956227F-2FE0-40E4-89C5-931A72A02C95}.Release|Any CPU.ActiveCfg = Release|Any CPU
		{5956227F-2FE0-40E4-89C5-931A72A02C95}.Release|Any CPU.Build.0 = Release|Any CPU
		{920D5ABF-FC32-426E-9AD3-9D10A5E154D7}.Debug|Any CPU.ActiveCfg = Debug|Any CPU
		{920D5ABF-FC32-426E-9AD3-9D10A5E154D7}.Debug|Any CPU.Build.0 = Debug|Any CPU
		{920D5ABF-FC32-426E-9AD3-9D10A5E154D7}.Release|Any CPU.ActiveCfg = Release|Any CPU
		{920D5ABF-FC32-426E-9AD3-9D10A5E154D7}.Release|Any CPU.Build.0 = Release|Any CPU
		{57D910D4-3EAE-4E00-BCEB-5AB2108914E4}.Debug|Any CPU.ActiveCfg = Debug|Any CPU
		{57D910D4-3EAE-4E00-BCEB-5AB2108914E4}.Debug|Any CPU.Build.0 = Debug|Any CPU
		{57D910D4-3EAE-4E00-BCEB-5AB2108914E4}.Release|Any CPU.ActiveCfg = Release|Any CPU
		{57D910D4-3EAE-4E00-BCEB-5AB2108914E4}.Release|Any CPU.Build.0 = Release|Any CPU
	EndGlobalSection
	GlobalSection(SolutionProperties) = preSolution
		HideSolutionNode = FALSE
	EndGlobalSection
	GlobalSection(ExtensibilityGlobals) = postSolution
		SolutionGuid = {C0D21F20-40F4-4149-9BF6-5E63AD61CC58}
	EndGlobalSection
EndGlobal
